// !$*UTF8*$!
{
	archiveVersion = 1;
	classes = {
	};
	objectVersion = 46;
	objects = {

/* Begin PBXBuildFile section */
		4A68C6551D9FEC9200A62F39 /* AppDelegate.swift in Sources */ = {isa = PBXBuildFile; fileRef = 4A68C6541D9FEC9200A62F39 /* AppDelegate.swift */; };
		4A68C6571D9FEC9200A62F39 /* Shader.fsh in Resources */ = {isa = PBXBuildFile; fileRef = 4A68C6561D9FEC9200A62F39 /* Shader.fsh */; };
		4A68C6591D9FEC9200A62F39 /* Shader.vsh in Resources */ = {isa = PBXBuildFile; fileRef = 4A68C6581D9FEC9200A62F39 /* Shader.vsh */; };
		4A68C65B1D9FEC9200A62F39 /* GameViewController.swift in Sources */ = {isa = PBXBuildFile; fileRef = 4A68C65A1D9FEC9200A62F39 /* GameViewController.swift */; };
		4A68C65E1D9FEC9200A62F39 /* Main.storyboard in Resources */ = {isa = PBXBuildFile; fileRef = 4A68C65C1D9FEC9200A62F39 /* Main.storyboard */; };
		4A68C6601D9FEC9200A62F39 /* Assets.xcassets in Resources */ = {isa = PBXBuildFile; fileRef = 4A68C65F1D9FEC9200A62F39 /* Assets.xcassets */; };
		4A68C6631D9FEC9200A62F39 /* LaunchScreen.storyboard in Resources */ = {isa = PBXBuildFile; fileRef = 4A68C6611D9FEC9200A62F39 /* LaunchScreen.storyboard */; };
		4A68C66E1D9FEC9300A62F39 /* OpenGLTestTests.swift in Sources */ = {isa = PBXBuildFile; fileRef = 4A68C66D1D9FEC9300A62F39 /* OpenGLTestTests.swift */; };
		4A68C6791D9FEC9300A62F39 /* OpenGLTestUITests.swift in Sources */ = {isa = PBXBuildFile; fileRef = 4A68C6781D9FEC9300A62F39 /* OpenGLTestUITests.swift */; };
/* End PBXBuildFile section */

/* Begin PBXContainerItemProxy section */
		4A68C66A1D9FEC9300A62F39 /* PBXContainerItemProxy */ = {
			isa = PBXContainerItemProxy;
			containerPortal = 4A68C6491D9FEC9200A62F39 /* Project object */;
			proxyType = 1;
			remoteGlobalIDString = 4A68C6501D9FEC9200A62F39;
			remoteInfo = OpenGLTest;
		};
		4A68C6751D9FEC9300A62F39 /* PBXContainerItemProxy */ = {
			isa = PBXContainerItemProxy;
			containerPortal = 4A68C6491D9FEC9200A62F39 /* Project object */;
			proxyType = 1;
			remoteGlobalIDString = 4A68C6501D9FEC9200A62F39;
			remoteInfo = OpenGLTest;
		};
/* End PBXContainerItemProxy section */

/* Begin PBXFileReference section */
		4A68C6511D9FEC9200A62F39 /* OpenGLTest.app */ = {isa = PBXFileReference; explicitFileType = wrapper.application; includeInIndex = 0; path = OpenGLTest.app; sourceTree = BUILT_PRODUCTS_DIR; };
		4A68C6541D9FEC9200A62F39 /* AppDelegate.swift */ = {isa = PBXFileReference; lastKnownFileType = sourcecode.swift; path = AppDelegate.swift; sourceTree = "<group>"; };
		4A68C6561D9FEC9200A62F39 /* Shader.fsh */ = {isa = PBXFileReference; lastKnownFileType = sourcecode.glsl; name = Shader.fsh; path = Shaders/Shader.fsh; sourceTree = "<group>"; };
		4A68C6581D9FEC9200A62F39 /* Shader.vsh */ = {isa = PBXFileReference; lastKnownFileType = sourcecode.glsl; name = Shader.vsh; path = Shaders/Shader.vsh; sourceTree = "<group>"; };
		4A68C65A1D9FEC9200A62F39 /* GameViewController.swift */ = {isa = PBXFileReference; lastKnownFileType = sourcecode.swift; path = GameViewController.swift; sourceTree = "<group>"; };
		4A68C65D1D9FEC9200A62F39 /* Base */ = {isa = PBXFileReference; lastKnownFileType = file.storyboard; name = Base; path = Base.lproj/Main.storyboard; sourceTree = "<group>"; };
		4A68C65F1D9FEC9200A62F39 /* Assets.xcassets */ = {isa = PBXFileReference; lastKnownFileType = folder.assetcatalog; path = Assets.xcassets; sourceTree = "<group>"; };
		4A68C6621D9FEC9200A62F39 /* Base */ = {isa = PBXFileReference; lastKnownFileType = file.storyboard; name = Base; path = Base.lproj/LaunchScreen.storyboard; sourceTree = "<group>"; };
		4A68C6641D9FEC9200A62F39 /* Info.plist */ = {isa = PBXFileReference; lastKnownFileType = text.plist.xml; path = Info.plist; sourceTree = "<group>"; };
		4A68C6691D9FEC9300A62F39 /* OpenGLTestTests.xctest */ = {isa = PBXFileReference; explicitFileType = wrapper.cfbundle; includeInIndex = 0; path = OpenGLTestTests.xctest; sourceTree = BUILT_PRODUCTS_DIR; };
		4A68C66D1D9FEC9300A62F39 /* OpenGLTestTests.swift */ = {isa = PBXFileReference; lastKnownFileType = sourcecode.swift; path = OpenGLTestTests.swift; sourceTree = "<group>"; };
		4A68C66F1D9FEC9300A62F39 /* Info.plist */ = {isa = PBXFileReference; lastKnownFileType = text.plist.xml; path = Info.plist; sourceTree = "<group>"; };
		4A68C6741D9FEC9300A62F39 /* OpenGLTestUITests.xctest */ = {isa = PBXFileReference; explicitFileType = wrapper.cfbundle; includeInIndex = 0; path = OpenGLTestUITests.xctest; sourceTree = BUILT_PRODUCTS_DIR; };
		4A68C6781D9FEC9300A62F39 /* OpenGLTestUITests.swift */ = {isa = PBXFileReference; lastKnownFileType = sourcecode.swift; path = OpenGLTestUITests.swift; sourceTree = "<group>"; };
		4A68C67A1D9FEC9300A62F39 /* Info.plist */ = {isa = PBXFileReference; lastKnownFileType = text.plist.xml; path = Info.plist; sourceTree = "<group>"; };
/* End PBXFileReference section */

/* Begin PBXFrameworksBuildPhase section */
		4A68C64E1D9FEC9200A62F39 /* Frameworks */ = {
			isa = PBXFrameworksBuildPhase;
			buildActionMask = 2147483647;
			files = (
			);
			runOnlyForDeploymentPostprocessing = 0;
		};
		4A68C6661D9FEC9300A62F39 /* Frameworks */ = {
			isa = PBXFrameworksBuildPhase;
			buildActionMask = 2147483647;
			files = (
			);
			runOnlyForDeploymentPostprocessing = 0;
		};
		4A68C6711D9FEC9300A62F39 /* Frameworks */ = {
			isa = PBXFrameworksBuildPhase;
			buildActionMask = 2147483647;
			files = (
			);
			runOnlyForDeploymentPostprocessing = 0;
		};
/* End PBXFrameworksBuildPhase section */

/* Begin PBXGroup section */
		4A68C6481D9FEC9200A62F39 = {
			isa = PBXGroup;
			children = (
				4A68C6531D9FEC9200A62F39 /* OpenGLTest */,
				4A68C66C1D9FEC9300A62F39 /* OpenGLTestTests */,
				4A68C6771D9FEC9300A62F39 /* OpenGLTestUITests */,
				4A68C6521D9FEC9200A62F39 /* Products */,
			);
			sourceTree = "<group>";
		};
		4A68C6521D9FEC9200A62F39 /* Products */ = {
			isa = PBXGroup;
			children = (
				4A68C6511D9FEC9200A62F39 /* OpenGLTest.app */,
				4A68C6691D9FEC9300A62F39 /* OpenGLTestTests.xctest */,
				4A68C6741D9FEC9300A62F39 /* OpenGLTestUITests.xctest */,
			);
			name = Products;
			sourceTree = "<group>";
		};
		4A68C6531D9FEC9200A62F39 /* OpenGLTest */ = {
			isa = PBXGroup;
			children = (
				4A68C6541D9FEC9200A62F39 /* AppDelegate.swift */,
				4A68C6561D9FEC9200A62F39 /* Shader.fsh */,
				4A68C6581D9FEC9200A62F39 /* Shader.vsh */,
				4A68C65A1D9FEC9200A62F39 /* GameViewController.swift */,
				4A68C65C1D9FEC9200A62F39 /* Main.storyboard */,
				4A68C65F1D9FEC9200A62F39 /* Assets.xcassets */,
				4A68C6611D9FEC9200A62F39 /* LaunchScreen.storyboard */,
				4A68C6641D9FEC9200A62F39 /* Info.plist */,
			);
			path = OpenGLTest;
			sourceTree = "<group>";
		};
		4A68C66C1D9FEC9300A62F39 /* OpenGLTestTests */ = {
			isa = PBXGroup;
			children = (
				4A68C66D1D9FEC9300A62F39 /* OpenGLTestTests.swift */,
				4A68C66F1D9FEC9300A62F39 /* Info.plist */,
			);
			path = OpenGLTestTests;
			sourceTree = "<group>";
		};
		4A68C6771D9FEC9300A62F39 /* OpenGLTestUITests */ = {
			isa = PBXGroup;
			children = (
				4A68C6781D9FEC9300A62F39 /* OpenGLTestUITests.swift */,
				4A68C67A1D9FEC9300A62F39 /* Info.plist */,
			);
			path = OpenGLTestUITests;
			sourceTree = "<group>";
		};
/* End PBXGroup section */

/* Begin PBXNativeTarget section */
		4A68C6501D9FEC9200A62F39 /* OpenGLTest */ = {
			isa = PBXNativeTarget;
			buildConfigurationList = 4A68C67D1D9FEC9300A62F39 /* Build configuration list for PBXNativeTarget "OpenGLTest" */;
			buildPhases = (
				4A68C64D1D9FEC9200A62F39 /* Sources */,
				4A68C64E1D9FEC9200A62F39 /* Frameworks */,
				4A68C64F1D9FEC9200A62F39 /* Resources */,
			);
			buildRules = (
			);
			dependencies = (
			);
			name = OpenGLTest;
			productName = OpenGLTest;
			productReference = 4A68C6511D9FEC9200A62F39 /* OpenGLTest.app */;
			productType = "com.apple.product-type.application";
		};
		4A68C6681D9FEC9300A62F39 /* OpenGLTestTests */ = {
			isa = PBXNativeTarget;
			buildConfigurationList = 4A68C6801D9FEC9300A62F39 /* Build configuration list for PBXNativeTarget "OpenGLTestTests" */;
			buildPhases = (
				4A68C6651D9FEC9300A62F39 /* Sources */,
				4A68C6661D9FEC9300A62F39 /* Frameworks */,
				4A68C6671D9FEC9300A62F39 /* Resources */,
			);
			buildRules = (
			);
			dependencies = (
				4A68C66B1D9FEC9300A62F39 /* PBXTargetDependency */,
			);
			name = OpenGLTestTests;
			productName = OpenGLTestTests;
			productReference = 4A68C6691D9FEC9300A62F39 /* OpenGLTestTests.xctest */;
			productType = "com.apple.product-type.bundle.unit-test";
		};
		4A68C6731D9FEC9300A62F39 /* OpenGLTestUITests */ = {
			isa = PBXNativeTarget;
			buildConfigurationList = 4A68C6831D9FEC9300A62F39 /* Build configuration list for PBXNativeTarget "OpenGLTestUITests" */;
			buildPhases = (
				4A68C6701D9FEC9300A62F39 /* Sources */,
				4A68C6711D9FEC9300A62F39 /* Frameworks */,
				4A68C6721D9FEC9300A62F39 /* Resources */,
			);
			buildRules = (
			);
			dependencies = (
				4A68C6761D9FEC9300A62F39 /* PBXTargetDependency */,
			);
			name = OpenGLTestUITests;
			productName = OpenGLTestUITests;
			productReference = 4A68C6741D9FEC9300A62F39 /* OpenGLTestUITests.xctest */;
			productType = "com.apple.product-type.bundle.ui-testing";
		};
/* End PBXNativeTarget section */

/* Begin PBXProject section */
		4A68C6491D9FEC9200A62F39 /* Project object */ = {
			isa = PBXProject;
			attributes = {
				LastSwiftUpdateCheck = 0730;
				LastUpgradeCheck = 0730;
				ORGANIZATIONNAME = RodhosSoft;
				TargetAttributes = {
					4A68C6501D9FEC9200A62F39 = {
						CreatedOnToolsVersion = 7.3.1;
					};
					4A68C6681D9FEC9300A62F39 = {
						CreatedOnToolsVersion = 7.3.1;
						TestTargetID = 4A68C6501D9FEC9200A62F39;
					};
					4A68C6731D9FEC9300A62F39 = {
						CreatedOnToolsVersion = 7.3.1;
						TestTargetID = 4A68C6501D9FEC9200A62F39;
					};
				};
			};
			buildConfigurationList = 4A68C64C1D9FEC9200A62F39 /* Build configuration list for PBXProject "OpenGLTest" */;
			compatibilityVersion = "Xcode 3.2";
			developmentRegion = English;
			hasScannedForEncodings = 0;
			knownRegions = (
				en,
				Base,
			);
			mainGroup = 4A68C6481D9FEC9200A62F39;
			productRefGroup = 4A68C6521D9FEC9200A62F39 /* Products */;
			projectDirPath = "";
			projectRoot = "";
			targets = (
				4A68C6501D9FEC9200A62F39 /* OpenGLTest */,
				4A68C6681D9FEC9300A62F39 /* OpenGLTestTests */,
				4A68C6731D9FEC9300A62F39 /* OpenGLTestUITests */,
			);
		};
/* End PBXProject section */

/* Begin PBXResourcesBuildPhase section */
		4A68C64F1D9FEC9200A62F39 /* Resources */ = {
			isa = PBXResourcesBuildPhase;
			buildActionMask = 2147483647;
			files = (
				4A68C65E1D9FEC9200A62F39 /* Main.storyboard in Resources */,
				4A68C6591D9FEC9200A62F39 /* Shader.vsh in Resources */,
				4A68C6601D9FEC9200A62F39 /* Assets.xcassets in Resources */,
				4A68C6631D9FEC9200A62F39 /* LaunchScreen.storyboard in Resources */,
				4A68C6571D9FEC9200A62F39 /* Shader.fsh in Resources */,
			);
			runOnlyForDeploymentPostprocessing = 0;
		};
		4A68C6671D9FEC9300A62F39 /* Resources */ = {
			isa = PBXResourcesBuildPhase;
			buildActionMask = 2147483647;
			files = (
			);
			runOnlyForDeploymentPostprocessing = 0;
		};
		4A68C6721D9FEC9300A62F39 /* Resources */ = {
			isa = PBXResourcesBuildPhase;
			buildActionMask = 2147483647;
			files = (
			);
			runOnlyForDeploymentPostprocessing = 0;
		};
/* End PBXResourcesBuildPhase section */

/* Begin PBXSourcesBuildPhase section */
		4A68C64D1D9FEC9200A62F39 /* Sources */ = {
			isa = PBXSourcesBuildPhase;
			buildActionMask = 2147483647;
			files = (
				4A68C65B1D9FEC9200A62F39 /* GameViewController.swift in Sources */,
				4A68C6551D9FEC9200A62F39 /* AppDelegate.swift in Sources */,
			);
			runOnlyForDeploymentPostprocessing = 0;
		};
		4A68C6651D9FEC9300A62F39 /* Sources */ = {
			isa = PBXSourcesBuildPhase;
			buildActionMask = 2147483647;
			files = (
				4A68C66E1D9FEC9300A62F39 /* OpenGLTestTests.swift in Sources */,
			);
			runOnlyForDeploymentPostprocessing = 0;
		};
		4A68C6701D9FEC9300A62F39 /* Sources */ = {
			isa = PBXSourcesBuildPhase;
			buildActionMask = 2147483647;
			files = (
				4A68C6791D9FEC9300A62F39 /* OpenGLTestUITests.swift in Sources */,
			);
			runOnlyForDeploymentPostprocessing = 0;
		};
/* End PBXSourcesBuildPhase section */

/* Begin PBXTargetDependency section */
		4A68C66B1D9FEC9300A62F39 /* PBXTargetDependency */ = {
			isa = PBXTargetDependency;
			target = 4A68C6501D9FEC9200A62F39 /* OpenGLTest */;
			targetProxy = 4A68C66A1D9FEC9300A62F39 /* PBXContainerItemProxy */;
		};
		4A68C6761D9FEC9300A62F39 /* PBXTargetDependency */ = {
			isa = PBXTargetDependency;
			target = 4A68C6501D9FEC9200A62F39 /* OpenGLTest */;
			targetProxy = 4A68C6751D9FEC9300A62F39 /* PBXContainerItemProxy */;
		};
/* End PBXTargetDependency section */

/* Begin PBXVariantGroup section */
		4A68C65C1D9FEC9200A62F39 /* Main.storyboard */ = {
			isa = PBXVariantGroup;
			children = (
				4A68C65D1D9FEC9200A62F39 /* Base */,
			);
			name = Main.storyboard;
			sourceTree = "<group>";
		};
		4A68C6611D9FEC9200A62F39 /* LaunchScreen.storyboard */ = {
			isa = PBXVariantGroup;
			children = (
				4A68C6621D9FEC9200A62F39 /* Base */,
			);
			name = LaunchScreen.storyboard;
			sourceTree = "<group>";
		};
/* End PBXVariantGroup section */

/* Begin XCBuildConfiguration section */
		4A68C67B1D9FEC9300A62F39 /* Debug */ = {
			isa = XCBuildConfiguration;
			buildSettings = {
				ALWAYS_SEARCH_USER_PATHS = NO;
				CLANG_ANALYZER_NONNULL = YES;
				CLANG_CXX_LANGUAGE_STANDARD = "gnu++0x";
				CLANG_CXX_LIBRARY = "libc++";
				CLANG_ENABLE_MODULES = YES;
				CLANG_ENABLE_OBJC_ARC = YES;
				CLANG_WARN_BOOL_CONVERSION = YES;
				CLANG_WARN_CONSTANT_CONVERSION = YES;
				CLANG_WARN_DIRECT_OBJC_ISA_USAGE = YES_ERROR;
				CLANG_WARN_EMPTY_BODY = YES;
				CLANG_WARN_ENUM_CONVERSION = YES;
				CLANG_WARN_INT_CONVERSION = YES;
				CLANG_WARN_OBJC_ROOT_CLASS = YES_ERROR;
				CLANG_WARN_UNREACHABLE_CODE = YES;
				CLANG_WARN__DUPLICATE_METHOD_MATCH = YES;
				"CODE_SIGN_IDENTITY[sdk=iphoneos*]" = "iPhone Developer";
				COPY_PHASE_STRIP = NO;
				DEBUG_INFORMATION_FORMAT = "dwarf-with-dsym";
				ENABLE_STRICT_OBJC_MSGSEND = YES;
				ENABLE_TESTABILITY = YES;
				GCC_C_LANGUAGE_STANDARD = gnu99;
				GCC_DYNAMIC_NO_PIC = NO;
				GCC_NO_COMMON_BLOCKS = YES;
				GCC_OPTIMIZATION_LEVEL = 0;
				GCC_PREPROCESSOR_DEFINITIONS = (
					"DEBUG=1",
					"$(inherited)",
				);
				GCC_WARN_64_TO_32_BIT_CONVERSION = YES;
				GCC_WARN_ABOUT_RETURN_TYPE = YES_ERROR;
				GCC_WARN_UNDECLARED_SELECTOR = YES;
				GCC_WARN_UNINITIALIZED_AUTOS = YES_AGGRESSIVE;
				GCC_WARN_UNUSED_FUNCTION = YES;
				GCC_WARN_UNUSED_VARIABLE = YES;
				IPHONEOS_DEPLOYMENT_TARGET = 9.3;
				MTL_ENABLE_DEBUG_INFO = YES;
				ONLY_ACTIVE_ARCH = YES;
				SDKROOT = iphoneos;
				SWIFT_OPTIMIZATION_LEVEL = "-Onone";
				TARGETED_DEVICE_FAMILY = "1,2";
			};
			name = Debug;
		};
		4A68C67C1D9FEC9300A62F39 /* Release */ = {
			isa = XCBuildConfiguration;
			buildSettings = {
				ALWAYS_SEARCH_USER_PATHS = NO;
				CLANG_ANALYZER_NONNULL = YES;
				CLANG_CXX_LANGUAGE_STANDARD = "gnu++0x";
				CLANG_CXX_LIBRARY = "libc++";
				CLANG_ENABLE_MODULES = YES;
				CLANG_ENABLE_OBJC_ARC = YES;
				CLANG_WARN_BOOL_CONVERSION = YES;
				CLANG_WARN_CONSTANT_CONVERSION = YES;
				CLANG_WARN_DIRECT_OBJC_ISA_USAGE = YES_ERROR;
				CLANG_WARN_EMPTY_BODY = YES;
				CLANG_WARN_ENUM_CONVERSION = YES;
				CLANG_WARN_INT_CONVERSION = YES;
				CLANG_WARN_OBJC_ROOT_CLASS = YES_ERROR;
				CLANG_WARN_UNREACHABLE_CODE = YES;
				CLANG_WARN__DUPLICATE_METHOD_MATCH = YES;
				"CODE_SIGN_IDENTITY[sdk=iphoneos*]" = "iPhone Developer";
				COPY_PHASE_STRIP = NO;
				DEBUG_INFORMATION_FORMAT = "dwarf-with-dsym";
				ENABLE_NS_ASSERTIONS = NO;
				ENABLE_STRICT_OBJC_MSGSEND = YES;
				GCC_C_LANGUAGE_STANDARD = gnu99;
				GCC_NO_COMMON_BLOCKS = YES;
				GCC_WARN_64_TO_32_BIT_CONVERSION = YES;
				GCC_WARN_ABOUT_RETURN_TYPE = YES_ERROR;
				GCC_WARN_UNDECLARED_SELECTOR = YES;
				GCC_WARN_UNINITIALIZED_AUTOS = YES_AGGRESSIVE;
				GCC_WARN_UNUSED_FUNCTION = YES;
				GCC_WARN_UNUSED_VARIABLE = YES;
				IPHONEOS_DEPLOYMENT_TARGET = 9.3;
				MTL_ENABLE_DEBUG_INFO = NO;
				SDKROOT = iphoneos;
				TARGETED_DEVICE_FAMILY = "1,2";
				VALIDATE_PRODUCT = YES;
			};
			name = Release;
		};
		4A68C67E1D9FEC9300A62F39 /* Debug */ = {
			isa = XCBuildConfiguration;
			buildSettings = {
				ASSETCATALOG_COMPILER_APPICON_NAME = AppIcon;
				INFOPLIST_FILE = OpenGLTest/Info.plist;
				LD_RUNPATH_SEARCH_PATHS = "$(inherited) @executable_path/Frameworks";
				PRODUCT_BUNDLE_IDENTIFIER = rodhos.OpenGLTest;
				PRODUCT_NAME = "$(TARGET_NAME)";
			};
			name = Debug;
		};
		4A68C67F1D9FEC9300A62F39 /* Release */ = {
			isa = XCBuildConfiguration;
			buildSettings = {
				ASSETCATALOG_COMPILER_APPICON_NAME = AppIcon;
				INFOPLIST_FILE = OpenGLTest/Info.plist;
				LD_RUNPATH_SEARCH_PATHS = "$(inherited) @executable_path/Frameworks";
				PRODUCT_BUNDLE_IDENTIFIER = rodhos.OpenGLTest;
				PRODUCT_NAME = "$(TARGET_NAME)";
			};
			name = Release;
		};
		4A68C6811D9FEC9300A62F39 /* Debug */ = {
			isa = XCBuildConfiguration;
			buildSettings = {
				BUNDLE_LOADER = "$(TEST_HOST)";
				DEBUG_INFORMATION_FORMAT = dwarf;
				INFOPLIST_FILE = OpenGLTestTests/Info.plist;
				LD_RUNPATH_SEARCH_PATHS = "$(inherited) @executable_path/Frameworks @loader_path/Frameworks";
				PRODUCT_BUNDLE_IDENTIFIER = rodhos.OpenGLTestTests;
				PRODUCT_NAME = "$(TARGET_NAME)";
				TEST_HOST = "$(BUILT_PRODUCTS_DIR)/OpenGLTest.app/OpenGLTest";
			};
			name = Debug;
		};
		4A68C6821D9FEC9300A62F39 /* Release */ = {
			isa = XCBuildConfiguration;
			buildSettings = {
				BUNDLE_LOADER = "$(TEST_HOST)";
				INFOPLIST_FILE = OpenGLTestTests/Info.plist;
				LD_RUNPATH_SEARCH_PATHS = "$(inherited) @executable_path/Frameworks @loader_path/Frameworks";
				PRODUCT_BUNDLE_IDENTIFIER = rodhos.OpenGLTestTests;
				PRODUCT_NAME = "$(TARGET_NAME)";
				TEST_HOST = "$(BUILT_PRODUCTS_DIR)/OpenGLTest.app/OpenGLTest";
			};
			name = Release;
		};
		4A68C6841D9FEC9300A62F39 /* Debug */ = {
			isa = XCBuildConfiguration;
			buildSettings = {
				DEBUG_INFORMATION_FORMAT = dwarf;
				INFOPLIST_FILE = OpenGLTestUITests/Info.plist;
				LD_RUNPATH_SEARCH_PATHS = "$(inherited) @executable_path/Frameworks @loader_path/Frameworks";
				PRODUCT_BUNDLE_IDENTIFIER = rodhos.OpenGLTestUITests;
				PRODUCT_NAME = "$(TARGET_NAME)";
				TEST_TARGET_NAME = OpenGLTest;
			};
			name = Debug;
		};
		4A68C6851D9FEC9300A62F39 /* Release */ = {
			isa = XCBuildConfiguration;
			buildSettings = {
				INFOPLIST_FILE = OpenGLTestUITests/Info.plist;
				LD_RUNPATH_SEARCH_PATHS = "$(inherited) @executable_path/Frameworks @loader_path/Frameworks";
				PRODUCT_BUNDLE_IDENTIFIER = rodhos.OpenGLTestUITests;
				PRODUCT_NAME = "$(TARGET_NAME)";
				TEST_TARGET_NAME = OpenGLTest;
			};
			name = Release;
		};
/* End XCBuildConfiguration section */

/* Begin XCConfigurationList section */
		4A68C64C1D9FEC9200A62F39 /* Build configuration list for PBXProject "OpenGLTest" */ = {
			isa = XCConfigurationList;
			buildConfigurations = (
				4A68C67B1D9FEC9300A62F39 /* Debug */,
				4A68C67C1D9FEC9300A62F39 /* Release */,
			);
			defaultConfigurationIsVisible = 0;
			defaultConfigurationName = Release;
		};
		4A68C67D1D9FEC9300A62F39 /* Build configuration list for PBXNativeTarget "OpenGLTest" */ = {
			isa = XCConfigurationList;
			buildConfigurations = (
				4A68C67E1D9FEC9300A62F39 /* Debug */,
				4A68C67F1D9FEC9300A62F39 /* Release */,
			);
			defaultConfigurationIsVisible = 0;
		};
		4A68C6801D9FEC9300A62F39 /* Build configuration list for PBXNativeTarget "OpenGLTestTests" */ = {
			isa = XCConfigurationList;
			buildConfigurations = (
				4A68C6811D9FEC9300A62F39 /* Debug */,
				4A68C6821D9FEC9300A62F39 /* Release */,
			);
			defaultConfigurationIsVisible = 0;
		};
		4A68C6831D9FEC9300A62F39 /* Build configuration list for PBXNativeTarget "OpenGLTestUITests" */ = {
			isa = XCConfigurationList;
			buildConfigurations = (
				4A68C6841D9FEC9300A62F39 /* Debug */,
				4A68C6851D9FEC9300A62F39 /* Release */,
			);
			defaultConfigurationIsVisible = 0;
		};
/* End XCConfigurationList section */
	};
	rootObject = 4A68C6491D9FEC9200A62F39 /* Project object */;
}
